// !$*UTF8*$!
{
	archiveVersion = 1;
	classes = {
	};
	objectVersion = 56;
	objects = {

/* Begin PBXBuildFile section */
		254A5F7C29571CD800B0D089 /* AppDelegate.swift in Sources */ = {isa = PBXBuildFile; fileRef = 254A5F7B29571CD800B0D089 /* AppDelegate.swift */; };
		254A5F7E29571CD800B0D089 /* SceneDelegate.swift in Sources */ = {isa = PBXBuildFile; fileRef = 254A5F7D29571CD800B0D089 /* SceneDelegate.swift */; };
		254A5F8029571CD800B0D089 /* LoginViewController.swift in Sources */ = {isa = PBXBuildFile; fileRef = 254A5F7F29571CD800B0D089 /* LoginViewController.swift */; };
		254A5F8329571CD800B0D089 /* Main.storyboard in Resources */ = {isa = PBXBuildFile; fileRef = 254A5F8129571CD800B0D089 /* Main.storyboard */; };
		254A5F8529571CD900B0D089 /* Assets.xcassets in Resources */ = {isa = PBXBuildFile; fileRef = 254A5F8429571CD900B0D089 /* Assets.xcassets */; };
		254A5F8829571CD900B0D089 /* LaunchScreen.storyboard in Resources */ = {isa = PBXBuildFile; fileRef = 254A5F8629571CD900B0D089 /* LaunchScreen.storyboard */; };
		254A5F932957279400B0D089 /* KeychainService.swift in Sources */ = {isa = PBXBuildFile; fileRef = 254A5F922957279400B0D089 /* KeychainService.swift */; };
		254A5F9929572AC000B0D089 /* SignUpViewController.swift in Sources */ = {isa = PBXBuildFile; fileRef = 254A5F9829572AC000B0D089 /* SignUpViewController.swift */; };
		254A5F9B295738E100B0D089 /* CitySelectionViewController.swift in Sources */ = {isa = PBXBuildFile; fileRef = 254A5F9A295738E100B0D089 /* CitySelectionViewController.swift */; };
		254A5F9D295738EE00B0D089 /* CitySelection.storyboard in Resources */ = {isa = PBXBuildFile; fileRef = 254A5F9C295738EE00B0D089 /* CitySelection.storyboard */; };
		254A5FA1295746AA00B0D089 /* Constants.swift in Sources */ = {isa = PBXBuildFile; fileRef = 254A5FA0295746AA00B0D089 /* Constants.swift */; };
		497F83DE295F4D0100F57A91 /* CitySelectionDataSource.swift in Sources */ = {isa = PBXBuildFile; fileRef = 497F83D8295F4D0100F57A91 /* CitySelectionDataSource.swift */; };
		497F83DF295F4D0100F57A91 /* CitySelectionDataDelegate.swift in Sources */ = {isa = PBXBuildFile; fileRef = 497F83D9295F4D0100F57A91 /* CitySelectionDataDelegate.swift */; };
		497F83E0295F4D0100F57A91 /* AuthenticationDataSource.swift in Sources */ = {isa = PBXBuildFile; fileRef = 497F83DA295F4D0100F57A91 /* AuthenticationDataSource.swift */; };
		497F83E1295F4D0100F57A91 /* AuthenticationDataDelegate.swift in Sources */ = {isa = PBXBuildFile; fileRef = 497F83DB295F4D0100F57A91 /* AuthenticationDataDelegate.swift */; };
		497F83E2295F4D0100F57A91 /* User.swift in Sources */ = {isa = PBXBuildFile; fileRef = 497F83DC295F4D0100F57A91 /* User.swift */; };
		497F83E3295F4D0100F57A91 /* City.swift in Sources */ = {isa = PBXBuildFile; fileRef = 497F83DD295F4D0100F57A91 /* City.swift */; };
		497F83E7295F4D6700F57A91 /* CitySelectionTableViewCell.swift in Sources */ = {isa = PBXBuildFile; fileRef = 497F83E5295F4D6700F57A91 /* CitySelectionTableViewCell.swift */; };
		497F83E9295F515600F57A91 /* LocationHelper.swift in Sources */ = {isa = PBXBuildFile; fileRef = 497F83E8295F515600F57A91 /* LocationHelper.swift */; };
		497F83EB295F63DF00F57A91 /* LocationDelegate.swift in Sources */ = {isa = PBXBuildFile; fileRef = 497F83EA295F63DF00F57A91 /* LocationDelegate.swift */; };
		497F83ED295F65B500F57A91 /* LocationViewController.swift in Sources */ = {isa = PBXBuildFile; fileRef = 497F83EC295F65B500F57A91 /* LocationViewController.swift */; };
		497F83F3295F708800F57A91 /* CategorySelectionViewController.swift in Sources */ = {isa = PBXBuildFile; fileRef = 497F83F2295F708800F57A91 /* CategorySelectionViewController.swift */; };
		497F83F5295F9B8900F57A91 /* CategorySelection.storyboard in Resources */ = {isa = PBXBuildFile; fileRef = 497F83F4295F9B8900F57A91 /* CategorySelection.storyboard */; };
		497F841729604EC100F57A91 /* CategorySelectionDataDelegate.swift in Sources */ = {isa = PBXBuildFile; fileRef = 497F841629604EC100F57A91 /* CategorySelectionDataDelegate.swift */; };
		497F841929604ECB00F57A91 /* CategorySelectionDataSource.swift in Sources */ = {isa = PBXBuildFile; fileRef = 497F841829604ECB00F57A91 /* CategorySelectionDataSource.swift */; };
		497F841B29604F5100F57A91 /* Category.swift in Sources */ = {isa = PBXBuildFile; fileRef = 497F841A29604F5100F57A91 /* Category.swift */; };
		497F841D2960548D00F57A91 /* CategorySelectionCollectionViewCell.swift in Sources */ = {isa = PBXBuildFile; fileRef = 497F841C2960548D00F57A91 /* CategorySelectionCollectionViewCell.swift */; };
/* End PBXBuildFile section */

/* Begin PBXFileReference section */
		254A5F7829571CD800B0D089 /* Quick-Bites.app */ = {isa = PBXFileReference; explicitFileType = wrapper.application; includeInIndex = 0; path = "Quick-Bites.app"; sourceTree = BUILT_PRODUCTS_DIR; };
		254A5F7B29571CD800B0D089 /* AppDelegate.swift */ = {isa = PBXFileReference; lastKnownFileType = sourcecode.swift; path = AppDelegate.swift; sourceTree = "<group>"; };
		254A5F7D29571CD800B0D089 /* SceneDelegate.swift */ = {isa = PBXFileReference; lastKnownFileType = sourcecode.swift; path = SceneDelegate.swift; sourceTree = "<group>"; };
		254A5F7F29571CD800B0D089 /* LoginViewController.swift */ = {isa = PBXFileReference; lastKnownFileType = sourcecode.swift; path = LoginViewController.swift; sourceTree = "<group>"; };
		254A5F8229571CD800B0D089 /* Base */ = {isa = PBXFileReference; lastKnownFileType = file.storyboard; name = Base; path = Base.lproj/Main.storyboard; sourceTree = "<group>"; };
		254A5F8429571CD900B0D089 /* Assets.xcassets */ = {isa = PBXFileReference; lastKnownFileType = folder.assetcatalog; path = Assets.xcassets; sourceTree = "<group>"; };
		254A5F8729571CD900B0D089 /* Base */ = {isa = PBXFileReference; lastKnownFileType = file.storyboard; name = Base; path = Base.lproj/LaunchScreen.storyboard; sourceTree = "<group>"; };
		254A5F8929571CD900B0D089 /* Info.plist */ = {isa = PBXFileReference; lastKnownFileType = text.plist.xml; path = Info.plist; sourceTree = "<group>"; };
		254A5F922957279400B0D089 /* KeychainService.swift */ = {isa = PBXFileReference; lastKnownFileType = sourcecode.swift; path = KeychainService.swift; sourceTree = "<group>"; };
		254A5F9829572AC000B0D089 /* SignUpViewController.swift */ = {isa = PBXFileReference; lastKnownFileType = sourcecode.swift; path = SignUpViewController.swift; sourceTree = "<group>"; };
		254A5F9A295738E100B0D089 /* CitySelectionViewController.swift */ = {isa = PBXFileReference; lastKnownFileType = sourcecode.swift; path = CitySelectionViewController.swift; sourceTree = "<group>"; };
		254A5F9C295738EE00B0D089 /* CitySelection.storyboard */ = {isa = PBXFileReference; lastKnownFileType = file.storyboard; path = CitySelection.storyboard; sourceTree = "<group>"; };
		254A5FA0295746AA00B0D089 /* Constants.swift */ = {isa = PBXFileReference; lastKnownFileType = sourcecode.swift; path = Constants.swift; sourceTree = "<group>"; };
		497F83D8295F4D0100F57A91 /* CitySelectionDataSource.swift */ = {isa = PBXFileReference; fileEncoding = 4; lastKnownFileType = sourcecode.swift; path = CitySelectionDataSource.swift; sourceTree = "<group>"; };
		497F83D9295F4D0100F57A91 /* CitySelectionDataDelegate.swift */ = {isa = PBXFileReference; fileEncoding = 4; lastKnownFileType = sourcecode.swift; path = CitySelectionDataDelegate.swift; sourceTree = "<group>"; };
		497F83DA295F4D0100F57A91 /* AuthenticationDataSource.swift */ = {isa = PBXFileReference; fileEncoding = 4; lastKnownFileType = sourcecode.swift; path = AuthenticationDataSource.swift; sourceTree = "<group>"; };
		497F83DB295F4D0100F57A91 /* AuthenticationDataDelegate.swift */ = {isa = PBXFileReference; fileEncoding = 4; lastKnownFileType = sourcecode.swift; path = AuthenticationDataDelegate.swift; sourceTree = "<group>"; };
		497F83DC295F4D0100F57A91 /* User.swift */ = {isa = PBXFileReference; fileEncoding = 4; lastKnownFileType = sourcecode.swift; path = User.swift; sourceTree = "<group>"; };
		497F83DD295F4D0100F57A91 /* City.swift */ = {isa = PBXFileReference; fileEncoding = 4; lastKnownFileType = sourcecode.swift; path = City.swift; sourceTree = "<group>"; };
		497F83E5295F4D6700F57A91 /* CitySelectionTableViewCell.swift */ = {isa = PBXFileReference; fileEncoding = 4; lastKnownFileType = sourcecode.swift; path = CitySelectionTableViewCell.swift; sourceTree = "<group>"; };
		497F83E8295F515600F57A91 /* LocationHelper.swift */ = {isa = PBXFileReference; fileEncoding = 4; lastKnownFileType = sourcecode.swift; path = LocationHelper.swift; sourceTree = "<group>"; };
		497F83EA295F63DF00F57A91 /* LocationDelegate.swift */ = {isa = PBXFileReference; lastKnownFileType = sourcecode.swift; path = LocationDelegate.swift; sourceTree = "<group>"; };
		497F83EC295F65B500F57A91 /* LocationViewController.swift */ = {isa = PBXFileReference; lastKnownFileType = sourcecode.swift; path = LocationViewController.swift; sourceTree = "<group>"; };
		497F83F2295F708800F57A91 /* CategorySelectionViewController.swift */ = {isa = PBXFileReference; lastKnownFileType = sourcecode.swift; path = CategorySelectionViewController.swift; sourceTree = "<group>"; };
		497F83F4295F9B8900F57A91 /* CategorySelection.storyboard */ = {isa = PBXFileReference; lastKnownFileType = file.storyboard; path = CategorySelection.storyboard; sourceTree = "<group>"; };
		497F841629604EC100F57A91 /* CategorySelectionDataDelegate.swift */ = {isa = PBXFileReference; lastKnownFileType = sourcecode.swift; path = CategorySelectionDataDelegate.swift; sourceTree = "<group>"; };
		497F841829604ECB00F57A91 /* CategorySelectionDataSource.swift */ = {isa = PBXFileReference; lastKnownFileType = sourcecode.swift; path = CategorySelectionDataSource.swift; sourceTree = "<group>"; };
		497F841A29604F5100F57A91 /* Category.swift */ = {isa = PBXFileReference; lastKnownFileType = sourcecode.swift; path = Category.swift; sourceTree = "<group>"; };
		497F841C2960548D00F57A91 /* CategorySelectionCollectionViewCell.swift */ = {isa = PBXFileReference; lastKnownFileType = sourcecode.swift; path = CategorySelectionCollectionViewCell.swift; sourceTree = "<group>"; };
/* End PBXFileReference section */

/* Begin PBXFrameworksBuildPhase section */
		254A5F7529571CD800B0D089 /* Frameworks */ = {
			isa = PBXFrameworksBuildPhase;
			buildActionMask = 2147483647;
			files = (
			);
			runOnlyForDeploymentPostprocessing = 0;
		};
/* End PBXFrameworksBuildPhase section */

/* Begin PBXGroup section */
		254A5F6F29571CD800B0D089 = {
			isa = PBXGroup;
			children = (
				254A5F7A29571CD800B0D089 /* Quick-Bites */,
				254A5F7929571CD800B0D089 /* Products */,
			);
			sourceTree = "<group>";
		};
		254A5F7929571CD800B0D089 /* Products */ = {
			isa = PBXGroup;
			children = (
				254A5F7829571CD800B0D089 /* Quick-Bites.app */,
			);
			name = Products;
			sourceTree = "<group>";
		};
		254A5F7A29571CD800B0D089 /* Quick-Bites */ = {
			isa = PBXGroup;
			children = (
				497F83E6295F4D6700F57A91 /* CollectionCells */,
				497F83E4295F4D6700F57A91 /* TableCells */,
				254A5FA62958578900B0D089 /* Utility */,
				254A5F952957297500B0D089 /* Storyboard */,
				254A5F942957293900B0D089 /* Controller */,
				254A5F912957277100B0D089 /* Model */,
				254A5F7B29571CD800B0D089 /* AppDelegate.swift */,
				254A5F7D29571CD800B0D089 /* SceneDelegate.swift */,
				254A5F8429571CD900B0D089 /* Assets.xcassets */,
				254A5F8629571CD900B0D089 /* LaunchScreen.storyboard */,
				254A5F8929571CD900B0D089 /* Info.plist */,
			);
			path = "Quick-Bites";
			sourceTree = "<group>";
		};
		254A5F912957277100B0D089 /* Model */ = {
			isa = PBXGroup;
			children = (
				497F83DB295F4D0100F57A91 /* AuthenticationDataDelegate.swift */,
				497F83DA295F4D0100F57A91 /* AuthenticationDataSource.swift */,
				497F83DD295F4D0100F57A91 /* City.swift */,
				497F83D9295F4D0100F57A91 /* CitySelectionDataDelegate.swift */,
				497F83D8295F4D0100F57A91 /* CitySelectionDataSource.swift */,
				497F83DC295F4D0100F57A91 /* User.swift */,
				497F841629604EC100F57A91 /* CategorySelectionDataDelegate.swift */,
				497F841829604ECB00F57A91 /* CategorySelectionDataSource.swift */,
				497F841A29604F5100F57A91 /* Category.swift */,
			);
			path = Model;
			sourceTree = "<group>";
		};
		254A5F942957293900B0D089 /* Controller */ = {
			isa = PBXGroup;
			children = (
				254A5F7F29571CD800B0D089 /* LoginViewController.swift */,
				254A5F9829572AC000B0D089 /* SignUpViewController.swift */,
				497F83EC295F65B500F57A91 /* LocationViewController.swift */,
				254A5F9A295738E100B0D089 /* CitySelectionViewController.swift */,
				497F83F2295F708800F57A91 /* CategorySelectionViewController.swift */,
			);
			path = Controller;
			sourceTree = "<group>";
		};
		254A5F952957297500B0D089 /* Storyboard */ = {
			isa = PBXGroup;
			children = (
				254A5F8129571CD800B0D089 /* Main.storyboard */,
				254A5F9C295738EE00B0D089 /* CitySelection.storyboard */,
				497F83F4295F9B8900F57A91 /* CategorySelection.storyboard */,
			);
			path = Storyboard;
			sourceTree = "<group>";
		};
		254A5FA62958578900B0D089 /* Utility */ = {
			isa = PBXGroup;
			children = (
				497F83E8295F515600F57A91 /* LocationHelper.swift */,
				254A5F922957279400B0D089 /* KeychainService.swift */,
				254A5FA0295746AA00B0D089 /* Constants.swift */,
				497F83EA295F63DF00F57A91 /* LocationDelegate.swift */,
			);
			path = Utility;
			sourceTree = "<group>";
		};
		497F83E4295F4D6700F57A91 /* TableCells */ = {
			isa = PBXGroup;
			children = (
				497F83E5295F4D6700F57A91 /* CitySelectionTableViewCell.swift */,
			);
			path = TableCells;
			sourceTree = "<group>";
		};
		497F83E6295F4D6700F57A91 /* CollectionCells */ = {
			isa = PBXGroup;
			children = (
				497F841C2960548D00F57A91 /* CategorySelectionCollectionViewCell.swift */,
			);
			path = CollectionCells;
			sourceTree = "<group>";
		};
/* End PBXGroup section */

/* Begin PBXNativeTarget section */
		254A5F7729571CD800B0D089 /* Quick-Bites */ = {
			isa = PBXNativeTarget;
			buildConfigurationList = 254A5F8C29571CD900B0D089 /* Build configuration list for PBXNativeTarget "Quick-Bites" */;
			buildPhases = (
				254A5F7429571CD800B0D089 /* Sources */,
				254A5F7529571CD800B0D089 /* Frameworks */,
				254A5F7629571CD800B0D089 /* Resources */,
			);
			buildRules = (
			);
			dependencies = (
			);
			name = "Quick-Bites";
			productName = "Quick-Bites";
			productReference = 254A5F7829571CD800B0D089 /* Quick-Bites.app */;
			productType = "com.apple.product-type.application";
		};
/* End PBXNativeTarget section */

/* Begin PBXProject section */
		254A5F7029571CD800B0D089 /* Project object */ = {
			isa = PBXProject;
			attributes = {
				BuildIndependentTargetsInParallel = 1;
				LastSwiftUpdateCheck = 1420;
				LastUpgradeCheck = 1420;
				TargetAttributes = {
					254A5F7729571CD800B0D089 = {
						CreatedOnToolsVersion = 14.2;
					};
				};
			};
			buildConfigurationList = 254A5F7329571CD800B0D089 /* Build configuration list for PBXProject "Quick-Bites" */;
			compatibilityVersion = "Xcode 14.0";
			developmentRegion = en;
			hasScannedForEncodings = 0;
			knownRegions = (
				en,
				Base,
			);
			mainGroup = 254A5F6F29571CD800B0D089;
			productRefGroup = 254A5F7929571CD800B0D089 /* Products */;
			projectDirPath = "";
			projectRoot = "";
			targets = (
				254A5F7729571CD800B0D089 /* Quick-Bites */,
			);
		};
/* End PBXProject section */

/* Begin PBXResourcesBuildPhase section */
		254A5F7629571CD800B0D089 /* Resources */ = {
			isa = PBXResourcesBuildPhase;
			buildActionMask = 2147483647;
			files = (
				254A5F8829571CD900B0D089 /* LaunchScreen.storyboard in Resources */,
				254A5F8529571CD900B0D089 /* Assets.xcassets in Resources */,
				497F83F5295F9B8900F57A91 /* CategorySelection.storyboard in Resources */,
				254A5F8329571CD800B0D089 /* Main.storyboard in Resources */,
				254A5F9D295738EE00B0D089 /* CitySelection.storyboard in Resources */,
			);
			runOnlyForDeploymentPostprocessing = 0;
		};
/* End PBXResourcesBuildPhase section */

/* Begin PBXSourcesBuildPhase section */
		254A5F7429571CD800B0D089 /* Sources */ = {
			isa = PBXSourcesBuildPhase;
			buildActionMask = 2147483647;
			files = (
				254A5F8029571CD800B0D089 /* LoginViewController.swift in Sources */,
				497F83E0295F4D0100F57A91 /* AuthenticationDataSource.swift in Sources */,
				254A5F932957279400B0D089 /* KeychainService.swift in Sources */,
				497F83DE295F4D0100F57A91 /* CitySelectionDataSource.swift in Sources */,
				497F83ED295F65B500F57A91 /* LocationViewController.swift in Sources */,
				254A5F7C29571CD800B0D089 /* AppDelegate.swift in Sources */,
				497F83EB295F63DF00F57A91 /* LocationDelegate.swift in Sources */,
				497F83E1295F4D0100F57A91 /* AuthenticationDataDelegate.swift in Sources */,
				497F841929604ECB00F57A91 /* CategorySelectionDataSource.swift in Sources */,
				497F83E7295F4D6700F57A91 /* CitySelectionTableViewCell.swift in Sources */,
				497F83E2295F4D0100F57A91 /* User.swift in Sources */,
				497F841D2960548D00F57A91 /* CategorySelectionCollectionViewCell.swift in Sources */,
				497F841729604EC100F57A91 /* CategorySelectionDataDelegate.swift in Sources */,
				254A5F7E29571CD800B0D089 /* SceneDelegate.swift in Sources */,
				497F83E9295F515600F57A91 /* LocationHelper.swift in Sources */,
				254A5F9B295738E100B0D089 /* CitySelectionViewController.swift in Sources */,
				254A5F9929572AC000B0D089 /* SignUpViewController.swift in Sources */,
				497F83DF295F4D0100F57A91 /* CitySelectionDataDelegate.swift in Sources */,
				497F83E3295F4D0100F57A91 /* City.swift in Sources */,
				497F83F3295F708800F57A91 /* CategorySelectionViewController.swift in Sources */,
				254A5FA1295746AA00B0D089 /* Constants.swift in Sources */,
				497F841B29604F5100F57A91 /* Category.swift in Sources */,
			);
			runOnlyForDeploymentPostprocessing = 0;
		};
/* End PBXSourcesBuildPhase section */

/* Begin PBXVariantGroup section */
		254A5F8129571CD800B0D089 /* Main.storyboard */ = {
			isa = PBXVariantGroup;
			children = (
				254A5F8229571CD800B0D089 /* Base */,
			);
			name = Main.storyboard;
			sourceTree = "<group>";
		};
		254A5F8629571CD900B0D089 /* LaunchScreen.storyboard */ = {
			isa = PBXVariantGroup;
			children = (
				254A5F8729571CD900B0D089 /* Base */,
			);
			name = LaunchScreen.storyboard;
			sourceTree = "<group>";
		};
/* End PBXVariantGroup section */

/* Begin XCBuildConfiguration section */
		254A5F8A29571CD900B0D089 /* Debug */ = {
			isa = XCBuildConfiguration;
			buildSettings = {
				ALWAYS_SEARCH_USER_PATHS = NO;
				CLANG_ANALYZER_NONNULL = YES;
				CLANG_ANALYZER_NUMBER_OBJECT_CONVERSION = YES_AGGRESSIVE;
				CLANG_CXX_LANGUAGE_STANDARD = "gnu++20";
				CLANG_ENABLE_MODULES = YES;
				CLANG_ENABLE_OBJC_ARC = YES;
				CLANG_ENABLE_OBJC_WEAK = YES;
				CLANG_WARN_BLOCK_CAPTURE_AUTORELEASING = YES;
				CLANG_WARN_BOOL_CONVERSION = YES;
				CLANG_WARN_COMMA = YES;
				CLANG_WARN_CONSTANT_CONVERSION = YES;
				CLANG_WARN_DEPRECATED_OBJC_IMPLEMENTATIONS = YES;
				CLANG_WARN_DIRECT_OBJC_ISA_USAGE = YES_ERROR;
				CLANG_WARN_DOCUMENTATION_COMMENTS = YES;
				CLANG_WARN_EMPTY_BODY = YES;
				CLANG_WARN_ENUM_CONVERSION = YES;
				CLANG_WARN_INFINITE_RECURSION = YES;
				CLANG_WARN_INT_CONVERSION = YES;
				CLANG_WARN_NON_LITERAL_NULL_CONVERSION = YES;
				CLANG_WARN_OBJC_IMPLICIT_RETAIN_SELF = YES;
				CLANG_WARN_OBJC_LITERAL_CONVERSION = YES;
				CLANG_WARN_OBJC_ROOT_CLASS = YES_ERROR;
				CLANG_WARN_QUOTED_INCLUDE_IN_FRAMEWORK_HEADER = YES;
				CLANG_WARN_RANGE_LOOP_ANALYSIS = YES;
				CLANG_WARN_STRICT_PROTOTYPES = YES;
				CLANG_WARN_SUSPICIOUS_MOVE = YES;
				CLANG_WARN_UNGUARDED_AVAILABILITY = YES_AGGRESSIVE;
				CLANG_WARN_UNREACHABLE_CODE = YES;
				CLANG_WARN__DUPLICATE_METHOD_MATCH = YES;
				COPY_PHASE_STRIP = NO;
				DEBUG_INFORMATION_FORMAT = dwarf;
				ENABLE_STRICT_OBJC_MSGSEND = YES;
				ENABLE_TESTABILITY = YES;
				GCC_C_LANGUAGE_STANDARD = gnu11;
				GCC_DYNAMIC_NO_PIC = NO;
				GCC_NO_COMMON_BLOCKS = YES;
				GCC_OPTIMIZATION_LEVEL = 0;
				GCC_PREPROCESSOR_DEFINITIONS = (
					"DEBUG=1",
					"$(inherited)",
				);
				GCC_WARN_64_TO_32_BIT_CONVERSION = YES;
				GCC_WARN_ABOUT_RETURN_TYPE = YES_ERROR;
				GCC_WARN_UNDECLARED_SELECTOR = YES;
				GCC_WARN_UNINITIALIZED_AUTOS = YES_AGGRESSIVE;
				GCC_WARN_UNUSED_FUNCTION = YES;
				GCC_WARN_UNUSED_VARIABLE = YES;
				IPHONEOS_DEPLOYMENT_TARGET = 16.2;
				MTL_ENABLE_DEBUG_INFO = INCLUDE_SOURCE;
				MTL_FAST_MATH = YES;
				ONLY_ACTIVE_ARCH = YES;
				SDKROOT = iphoneos;
				SWIFT_ACTIVE_COMPILATION_CONDITIONS = DEBUG;
				SWIFT_OPTIMIZATION_LEVEL = "-Onone";
			};
			name = Debug;
		};
		254A5F8B29571CD900B0D089 /* Release */ = {
			isa = XCBuildConfiguration;
			buildSettings = {
				ALWAYS_SEARCH_USER_PATHS = NO;
				CLANG_ANALYZER_NONNULL = YES;
				CLANG_ANALYZER_NUMBER_OBJECT_CONVERSION = YES_AGGRESSIVE;
				CLANG_CXX_LANGUAGE_STANDARD = "gnu++20";
				CLANG_ENABLE_MODULES = YES;
				CLANG_ENABLE_OBJC_ARC = YES;
				CLANG_ENABLE_OBJC_WEAK = YES;
				CLANG_WARN_BLOCK_CAPTURE_AUTORELEASING = YES;
				CLANG_WARN_BOOL_CONVERSION = YES;
				CLANG_WARN_COMMA = YES;
				CLANG_WARN_CONSTANT_CONVERSION = YES;
				CLANG_WARN_DEPRECATED_OBJC_IMPLEMENTATIONS = YES;
				CLANG_WARN_DIRECT_OBJC_ISA_USAGE = YES_ERROR;
				CLANG_WARN_DOCUMENTATION_COMMENTS = YES;
				CLANG_WARN_EMPTY_BODY = YES;
				CLANG_WARN_ENUM_CONVERSION = YES;
				CLANG_WARN_INFINITE_RECURSION = YES;
				CLANG_WARN_INT_CONVERSION = YES;
				CLANG_WARN_NON_LITERAL_NULL_CONVERSION = YES;
				CLANG_WARN_OBJC_IMPLICIT_RETAIN_SELF = YES;
				CLANG_WARN_OBJC_LITERAL_CONVERSION = YES;
				CLANG_WARN_OBJC_ROOT_CLASS = YES_ERROR;
				CLANG_WARN_QUOTED_INCLUDE_IN_FRAMEWORK_HEADER = YES;
				CLANG_WARN_RANGE_LOOP_ANALYSIS = YES;
				CLANG_WARN_STRICT_PROTOTYPES = YES;
				CLANG_WARN_SUSPICIOUS_MOVE = YES;
				CLANG_WARN_UNGUARDED_AVAILABILITY = YES_AGGRESSIVE;
				CLANG_WARN_UNREACHABLE_CODE = YES;
				CLANG_WARN__DUPLICATE_METHOD_MATCH = YES;
				COPY_PHASE_STRIP = NO;
				DEBUG_INFORMATION_FORMAT = "dwarf-with-dsym";
				ENABLE_NS_ASSERTIONS = NO;
				ENABLE_STRICT_OBJC_MSGSEND = YES;
				GCC_C_LANGUAGE_STANDARD = gnu11;
				GCC_NO_COMMON_BLOCKS = YES;
				GCC_WARN_64_TO_32_BIT_CONVERSION = YES;
				GCC_WARN_ABOUT_RETURN_TYPE = YES_ERROR;
				GCC_WARN_UNDECLARED_SELECTOR = YES;
				GCC_WARN_UNINITIALIZED_AUTOS = YES_AGGRESSIVE;
				GCC_WARN_UNUSED_FUNCTION = YES;
				GCC_WARN_UNUSED_VARIABLE = YES;
				IPHONEOS_DEPLOYMENT_TARGET = 16.2;
				MTL_ENABLE_DEBUG_INFO = NO;
				MTL_FAST_MATH = YES;
				SDKROOT = iphoneos;
				SWIFT_COMPILATION_MODE = wholemodule;
				SWIFT_OPTIMIZATION_LEVEL = "-O";
				VALIDATE_PRODUCT = YES;
			};
			name = Release;
		};
		254A5F8D29571CD900B0D089 /* Debug */ = {
			isa = XCBuildConfiguration;
			buildSettings = {
				ASSETCATALOG_COMPILER_APPICON_NAME = AppIcon;
				ASSETCATALOG_COMPILER_GLOBAL_ACCENT_COLOR_NAME = AccentColor;
				CODE_SIGN_STYLE = Automatic;
				CURRENT_PROJECT_VERSION = 1;
				GENERATE_INFOPLIST_FILE = YES;
				INFOPLIST_FILE = "Quick-Bites/Info.plist";
				INFOPLIST_KEY_UIApplicationSupportsIndirectInputEvents = YES;
				INFOPLIST_KEY_UILaunchStoryboardName = LaunchScreen;
				INFOPLIST_KEY_UIMainStoryboardFile = Main;
				INFOPLIST_KEY_UISupportedInterfaceOrientations_iPad = "UIInterfaceOrientationPortrait UIInterfaceOrientationPortraitUpsideDown UIInterfaceOrientationLandscapeLeft UIInterfaceOrientationLandscapeRight";
				INFOPLIST_KEY_UISupportedInterfaceOrientations_iPhone = "UIInterfaceOrientationPortrait UIInterfaceOrientationLandscapeLeft UIInterfaceOrientationLandscapeRight";
				LD_RUNPATH_SEARCH_PATHS = (
					"$(inherited)",
					"@executable_path/Frameworks",
				);
				MARKETING_VERSION = 1.0;
				PRODUCT_BUNDLE_IDENTIFIER = "bites.quick.Quick-Bites";
				PRODUCT_NAME = "$(TARGET_NAME)";
				SWIFT_EMIT_LOC_STRINGS = YES;
				SWIFT_VERSION = 5.0;
				TARGETED_DEVICE_FAMILY = "1,2";
			};
			name = Debug;
		};
		254A5F8E29571CD900B0D089 /* Release */ = {
			isa = XCBuildConfiguration;
			buildSettings = {
				ASSETCATALOG_COMPILER_APPICON_NAME = AppIcon;
				ASSETCATALOG_COMPILER_GLOBAL_ACCENT_COLOR_NAME = AccentColor;
				CODE_SIGN_STYLE = Automatic;
				CURRENT_PROJECT_VERSION = 1;
				GENERATE_INFOPLIST_FILE = YES;
				INFOPLIST_FILE = "Quick-Bites/Info.plist";
				INFOPLIST_KEY_UIApplicationSupportsIndirectInputEvents = YES;
				INFOPLIST_KEY_UILaunchStoryboardName = LaunchScreen;
				INFOPLIST_KEY_UIMainStoryboardFile = Main;
				INFOPLIST_KEY_UISupportedInterfaceOrientations_iPad = "UIInterfaceOrientationPortrait UIInterfaceOrientationPortraitUpsideDown UIInterfaceOrientationLandscapeLeft UIInterfaceOrientationLandscapeRight";
				INFOPLIST_KEY_UISupportedInterfaceOrientations_iPhone = "UIInterfaceOrientationPortrait UIInterfaceOrientationLandscapeLeft UIInterfaceOrientationLandscapeRight";
				LD_RUNPATH_SEARCH_PATHS = (
					"$(inherited)",
					"@executable_path/Frameworks",
				);
				MARKETING_VERSION = 1.0;
				PRODUCT_BUNDLE_IDENTIFIER = "bites.quick.Quick-Bites";
				PRODUCT_NAME = "$(TARGET_NAME)";
				SWIFT_EMIT_LOC_STRINGS = YES;
				SWIFT_VERSION = 5.0;
				TARGETED_DEVICE_FAMILY = "1,2";
			};
			name = Release;
		};
/* End XCBuildConfiguration section */

/* Begin XCConfigurationList section */
		254A5F7329571CD800B0D089 /* Build configuration list for PBXProject "Quick-Bites" */ = {
			isa = XCConfigurationList;
			buildConfigurations = (
				254A5F8A29571CD900B0D089 /* Debug */,
				254A5F8B29571CD900B0D089 /* Release */,
			);
			defaultConfigurationIsVisible = 0;
			defaultConfigurationName = Release;
		};
		254A5F8C29571CD900B0D089 /* Build configuration list for PBXNativeTarget "Quick-Bites" */ = {
			isa = XCConfigurationList;
			buildConfigurations = (
				254A5F8D29571CD900B0D089 /* Debug */,
				254A5F8E29571CD900B0D089 /* Release */,
			);
			defaultConfigurationIsVisible = 0;
			defaultConfigurationName = Release;
		};
/* End XCConfigurationList section */
	};
	rootObject = 254A5F7029571CD800B0D089 /* Project object */;
}
