// !$*UTF8*$!
{
	archiveVersion = 1;
	classes = {
	};
	objectVersion = 55;
	objects = {

/* Begin PBXBuildFile section */
		2527860629637B70008CB9FC /* Reservation.storyboard in Resources */ = {isa = PBXBuildFile; fileRef = 2527860529637B70008CB9FC /* Reservation.storyboard */; };
		2527860829644356008CB9FC /* Reservation.swift in Sources */ = {isa = PBXBuildFile; fileRef = 2527860729644356008CB9FC /* Reservation.swift */; };
		2527860C2969EB4E008CB9FC /* ReservationDataSource.swift in Sources */ = {isa = PBXBuildFile; fileRef = 2527860B2969EB4E008CB9FC /* ReservationDataSource.swift */; };
		2527860E2969EF4E008CB9FC /* ReservationResponse.swift in Sources */ = {isa = PBXBuildFile; fileRef = 2527860D2969EF4E008CB9FC /* ReservationResponse.swift */; };
		25278610296A0EC2008CB9FC /* UserReservationTableViewCell.swift in Sources */ = {isa = PBXBuildFile; fileRef = 2527860F296A0EC2008CB9FC /* UserReservationTableViewCell.swift */; };
		25278612296A300B008CB9FC /* ReservationDetailViewController.swift in Sources */ = {isa = PBXBuildFile; fileRef = 25278611296A300B008CB9FC /* ReservationDetailViewController.swift */; };
		25278614296AC26B008CB9FC /* ReservationDataDelegate.swift in Sources */ = {isa = PBXBuildFile; fileRef = 25278613296AC26B008CB9FC /* ReservationDataDelegate.swift */; };
		254A5F7C29571CD800B0D089 /* AppDelegate.swift in Sources */ = {isa = PBXBuildFile; fileRef = 254A5F7B29571CD800B0D089 /* AppDelegate.swift */; };
		254A5F7E29571CD800B0D089 /* SceneDelegate.swift in Sources */ = {isa = PBXBuildFile; fileRef = 254A5F7D29571CD800B0D089 /* SceneDelegate.swift */; };
		254A5F8029571CD800B0D089 /* LoginViewController.swift in Sources */ = {isa = PBXBuildFile; fileRef = 254A5F7F29571CD800B0D089 /* LoginViewController.swift */; };
		254A5F8329571CD800B0D089 /* Main.storyboard in Resources */ = {isa = PBXBuildFile; fileRef = 254A5F8129571CD800B0D089 /* Main.storyboard */; };
		254A5F8529571CD900B0D089 /* Assets.xcassets in Resources */ = {isa = PBXBuildFile; fileRef = 254A5F8429571CD900B0D089 /* Assets.xcassets */; };
		254A5F8829571CD900B0D089 /* LaunchScreen.storyboard in Resources */ = {isa = PBXBuildFile; fileRef = 254A5F8629571CD900B0D089 /* LaunchScreen.storyboard */; };
		254A5F932957279400B0D089 /* KeychainService.swift in Sources */ = {isa = PBXBuildFile; fileRef = 254A5F922957279400B0D089 /* KeychainService.swift */; };
		254A5F9929572AC000B0D089 /* SignUpViewController.swift in Sources */ = {isa = PBXBuildFile; fileRef = 254A5F9829572AC000B0D089 /* SignUpViewController.swift */; };
		254A5F9D295738EE00B0D089 /* Location.storyboard in Resources */ = {isa = PBXBuildFile; fileRef = 254A5F9C295738EE00B0D089 /* Location.storyboard */; };
		254A5FA1295746AA00B0D089 /* Constants.swift in Sources */ = {isa = PBXBuildFile; fileRef = 254A5FA0295746AA00B0D089 /* Constants.swift */; };
		257BE4AF296312BE00F4F006 /* RestaurantSelectionViewController.swift in Sources */ = {isa = PBXBuildFile; fileRef = 257BE4AE296312BE00F4F006 /* RestaurantSelectionViewController.swift */; };
		257BE4B12963130300F4F006 /* RestaurantSelection.storyboard in Resources */ = {isa = PBXBuildFile; fileRef = 257BE4B02963130300F4F006 /* RestaurantSelection.storyboard */; };
		257BE4B3296314BB00F4F006 /* RestaurantSelectionTableViewCell.swift in Sources */ = {isa = PBXBuildFile; fileRef = 257BE4B2296314BB00F4F006 /* RestaurantSelectionTableViewCell.swift */; };
		257BE4B52963163C00F4F006 /* Restaurant.swift in Sources */ = {isa = PBXBuildFile; fileRef = 257BE4B42963163C00F4F006 /* Restaurant.swift */; };
		257BE4B7296316FB00F4F006 /* RestaurantSelectionDataSource.swift in Sources */ = {isa = PBXBuildFile; fileRef = 257BE4B6296316FB00F4F006 /* RestaurantSelectionDataSource.swift */; };
		257BE4B92963170F00F4F006 /* RestaurantSelectionDataDelegate.swift in Sources */ = {isa = PBXBuildFile; fileRef = 257BE4B82963170F00F4F006 /* RestaurantSelectionDataDelegate.swift */; };
		257BE4BB296367CD00F4F006 /* RestaurantDetailViewController.swift in Sources */ = {isa = PBXBuildFile; fileRef = 257BE4BA296367CD00F4F006 /* RestaurantDetailViewController.swift */; };
		490CDF47296347B500E082CC /* ReservationListViewController.swift in Sources */ = {isa = PBXBuildFile; fileRef = 490CDF46296347B500E082CC /* ReservationListViewController.swift */; };
		497344962966E52900D77C55 /* TokenDataSource.swift in Sources */ = {isa = PBXBuildFile; fileRef = 497344952966E52900D77C55 /* TokenDataSource.swift */; };
		497F83DE295F4D0100F57A91 /* CitySelectionDataSource.swift in Sources */ = {isa = PBXBuildFile; fileRef = 497F83D8295F4D0100F57A91 /* CitySelectionDataSource.swift */; };
		497F83DF295F4D0100F57A91 /* CitySelectionDataDelegate.swift in Sources */ = {isa = PBXBuildFile; fileRef = 497F83D9295F4D0100F57A91 /* CitySelectionDataDelegate.swift */; };
		497F83E0295F4D0100F57A91 /* AuthenticationDataSource.swift in Sources */ = {isa = PBXBuildFile; fileRef = 497F83DA295F4D0100F57A91 /* AuthenticationDataSource.swift */; };
		497F83E1295F4D0100F57A91 /* AuthenticationDataDelegate.swift in Sources */ = {isa = PBXBuildFile; fileRef = 497F83DB295F4D0100F57A91 /* AuthenticationDataDelegate.swift */; };
		497F83E2295F4D0100F57A91 /* User.swift in Sources */ = {isa = PBXBuildFile; fileRef = 497F83DC295F4D0100F57A91 /* User.swift */; };
		497F83E3295F4D0100F57A91 /* City.swift in Sources */ = {isa = PBXBuildFile; fileRef = 497F83DD295F4D0100F57A91 /* City.swift */; };
		497F83E7295F4D6700F57A91 /* CitySelectionTableViewCell.swift in Sources */ = {isa = PBXBuildFile; fileRef = 497F83E5295F4D6700F57A91 /* CitySelectionTableViewCell.swift */; };
		497F83E9295F515600F57A91 /* LocationHelper.swift in Sources */ = {isa = PBXBuildFile; fileRef = 497F83E8295F515600F57A91 /* LocationHelper.swift */; };
		497F83EB295F63DF00F57A91 /* LocationDelegate.swift in Sources */ = {isa = PBXBuildFile; fileRef = 497F83EA295F63DF00F57A91 /* LocationDelegate.swift */; };
		497F83ED295F65B500F57A91 /* LocationViewController.swift in Sources */ = {isa = PBXBuildFile; fileRef = 497F83EC295F65B500F57A91 /* LocationViewController.swift */; };
		497F83F3295F708800F57A91 /* CategorySelectionViewController.swift in Sources */ = {isa = PBXBuildFile; fileRef = 497F83F2295F708800F57A91 /* CategorySelectionViewController.swift */; };
		497F83F5295F9B8900F57A91 /* CategorySelection.storyboard in Resources */ = {isa = PBXBuildFile; fileRef = 497F83F4295F9B8900F57A91 /* CategorySelection.storyboard */; };
		497F841729604EC100F57A91 /* CategorySelectionDataDelegate.swift in Sources */ = {isa = PBXBuildFile; fileRef = 497F841629604EC100F57A91 /* CategorySelectionDataDelegate.swift */; };
		497F841929604ECB00F57A91 /* CategorySelectionDataSource.swift in Sources */ = {isa = PBXBuildFile; fileRef = 497F841829604ECB00F57A91 /* CategorySelectionDataSource.swift */; };
		497F841B29604F5100F57A91 /* Category.swift in Sources */ = {isa = PBXBuildFile; fileRef = 497F841A29604F5100F57A91 /* Category.swift */; };
		497F841D2960548D00F57A91 /* CategorySelectionCollectionViewCell.swift in Sources */ = {isa = PBXBuildFile; fileRef = 497F841C2960548D00F57A91 /* CategorySelectionCollectionViewCell.swift */; };
		497F841F2963162A00F57A91 /* UserInfoViewController.swift in Sources */ = {isa = PBXBuildFile; fileRef = 497F841E2963162A00F57A91 /* UserInfoViewController.swift */; };
		497F84212963164800F57A91 /* UserInfo.storyboard in Resources */ = {isa = PBXBuildFile; fileRef = 497F84202963164800F57A91 /* UserInfo.storyboard */; };
		497F84232963280F00F57A91 /* UserInfoDataDelegate.swift in Sources */ = {isa = PBXBuildFile; fileRef = 497F84222963280F00F57A91 /* UserInfoDataDelegate.swift */; };
		497F84252963281700F57A91 /* UserInfoDataSource.swift in Sources */ = {isa = PBXBuildFile; fileRef = 497F84242963281700F57A91 /* UserInfoDataSource.swift */; };
		49A9C0472973009400F73EEE /* PresenterManager.swift in Sources */ = {isa = PBXBuildFile; fileRef = 49A9C0462973009400F73EEE /* PresenterManager.swift */; };
		49A9C049297304FC00F73EEE /* LoadingViewController.swift in Sources */ = {isa = PBXBuildFile; fileRef = 49A9C048297304FC00F73EEE /* LoadingViewController.swift */; };
		49A9C04B29730C9D00F73EEE /* LocationAuthorizationViewController.swift in Sources */ = {isa = PBXBuildFile; fileRef = 49A9C04A29730C9D00F73EEE /* LocationAuthorizationViewController.swift */; };
		672A4B842969E367009E9B18 /* ReservationViewController.swift in Sources */ = {isa = PBXBuildFile; fileRef = 672A4B832969E367009E9B18 /* ReservationViewController.swift */; };
		672A4B862969E39B009E9B18 /* DateTimePicker.swift in Sources */ = {isa = PBXBuildFile; fileRef = 672A4B852969E39B009E9B18 /* DateTimePicker.swift */; };
		952BB13E58E0EEFEE7ADFD80 /* Pods_Quick_Bites.framework in Frameworks */ = {isa = PBXBuildFile; fileRef = 78D146D0840764AC83A87B70 /* Pods_Quick_Bites.framework */; };
/* End PBXBuildFile section */

/* Begin PBXFileReference section */
		2527860529637B70008CB9FC /* Reservation.storyboard */ = {isa = PBXFileReference; lastKnownFileType = file.storyboard; path = Reservation.storyboard; sourceTree = "<group>"; };
		2527860729644356008CB9FC /* Reservation.swift */ = {isa = PBXFileReference; lastKnownFileType = sourcecode.swift; path = Reservation.swift; sourceTree = "<group>"; };
		2527860B2969EB4E008CB9FC /* ReservationDataSource.swift */ = {isa = PBXFileReference; lastKnownFileType = sourcecode.swift; path = ReservationDataSource.swift; sourceTree = "<group>"; };
		2527860D2969EF4E008CB9FC /* ReservationResponse.swift */ = {isa = PBXFileReference; lastKnownFileType = sourcecode.swift; path = ReservationResponse.swift; sourceTree = "<group>"; };
		2527860F296A0EC2008CB9FC /* UserReservationTableViewCell.swift */ = {isa = PBXFileReference; lastKnownFileType = sourcecode.swift; path = UserReservationTableViewCell.swift; sourceTree = "<group>"; };
		25278611296A300B008CB9FC /* ReservationDetailViewController.swift */ = {isa = PBXFileReference; lastKnownFileType = sourcecode.swift; path = ReservationDetailViewController.swift; sourceTree = "<group>"; };
		25278613296AC26B008CB9FC /* ReservationDataDelegate.swift */ = {isa = PBXFileReference; lastKnownFileType = sourcecode.swift; path = ReservationDataDelegate.swift; sourceTree = "<group>"; };
		254A5F7829571CD800B0D089 /* Quick-Bites.app */ = {isa = PBXFileReference; explicitFileType = wrapper.application; includeInIndex = 0; path = "Quick-Bites.app"; sourceTree = BUILT_PRODUCTS_DIR; };
		254A5F7B29571CD800B0D089 /* AppDelegate.swift */ = {isa = PBXFileReference; lastKnownFileType = sourcecode.swift; path = AppDelegate.swift; sourceTree = "<group>"; };
		254A5F7D29571CD800B0D089 /* SceneDelegate.swift */ = {isa = PBXFileReference; lastKnownFileType = sourcecode.swift; path = SceneDelegate.swift; sourceTree = "<group>"; };
		254A5F7F29571CD800B0D089 /* LoginViewController.swift */ = {isa = PBXFileReference; lastKnownFileType = sourcecode.swift; path = LoginViewController.swift; sourceTree = "<group>"; };
		254A5F8229571CD800B0D089 /* Base */ = {isa = PBXFileReference; lastKnownFileType = file.storyboard; name = Base; path = Base.lproj/Main.storyboard; sourceTree = "<group>"; };
		254A5F8429571CD900B0D089 /* Assets.xcassets */ = {isa = PBXFileReference; lastKnownFileType = folder.assetcatalog; path = Assets.xcassets; sourceTree = "<group>"; };
		254A5F8729571CD900B0D089 /* Base */ = {isa = PBXFileReference; lastKnownFileType = file.storyboard; name = Base; path = Base.lproj/LaunchScreen.storyboard; sourceTree = "<group>"; };
		254A5F8929571CD900B0D089 /* Info.plist */ = {isa = PBXFileReference; lastKnownFileType = text.plist.xml; path = Info.plist; sourceTree = "<group>"; };
		254A5F922957279400B0D089 /* KeychainService.swift */ = {isa = PBXFileReference; lastKnownFileType = sourcecode.swift; path = KeychainService.swift; sourceTree = "<group>"; };
		254A5F9829572AC000B0D089 /* SignUpViewController.swift */ = {isa = PBXFileReference; lastKnownFileType = sourcecode.swift; path = SignUpViewController.swift; sourceTree = "<group>"; };
		254A5F9C295738EE00B0D089 /* Location.storyboard */ = {isa = PBXFileReference; lastKnownFileType = file.storyboard; path = Location.storyboard; sourceTree = "<group>"; };
		254A5FA0295746AA00B0D089 /* Constants.swift */ = {isa = PBXFileReference; lastKnownFileType = sourcecode.swift; path = Constants.swift; sourceTree = "<group>"; };
		257BE4AE296312BE00F4F006 /* RestaurantSelectionViewController.swift */ = {isa = PBXFileReference; lastKnownFileType = sourcecode.swift; path = RestaurantSelectionViewController.swift; sourceTree = "<group>"; };
		257BE4B02963130300F4F006 /* RestaurantSelection.storyboard */ = {isa = PBXFileReference; lastKnownFileType = file.storyboard; path = RestaurantSelection.storyboard; sourceTree = "<group>"; };
		257BE4B2296314BB00F4F006 /* RestaurantSelectionTableViewCell.swift */ = {isa = PBXFileReference; lastKnownFileType = sourcecode.swift; path = RestaurantSelectionTableViewCell.swift; sourceTree = "<group>"; };
		257BE4B42963163C00F4F006 /* Restaurant.swift */ = {isa = PBXFileReference; lastKnownFileType = sourcecode.swift; path = Restaurant.swift; sourceTree = "<group>"; };
		257BE4B6296316FB00F4F006 /* RestaurantSelectionDataSource.swift */ = {isa = PBXFileReference; lastKnownFileType = sourcecode.swift; path = RestaurantSelectionDataSource.swift; sourceTree = "<group>"; };
		257BE4B82963170F00F4F006 /* RestaurantSelectionDataDelegate.swift */ = {isa = PBXFileReference; lastKnownFileType = sourcecode.swift; path = RestaurantSelectionDataDelegate.swift; sourceTree = "<group>"; };
		257BE4BA296367CD00F4F006 /* RestaurantDetailViewController.swift */ = {isa = PBXFileReference; lastKnownFileType = sourcecode.swift; path = RestaurantDetailViewController.swift; sourceTree = "<group>"; };
		490CDF46296347B500E082CC /* ReservationListViewController.swift */ = {isa = PBXFileReference; lastKnownFileType = sourcecode.swift; path = ReservationListViewController.swift; sourceTree = "<group>"; };
		497344952966E52900D77C55 /* TokenDataSource.swift */ = {isa = PBXFileReference; lastKnownFileType = sourcecode.swift; path = TokenDataSource.swift; sourceTree = "<group>"; };
		497F83D8295F4D0100F57A91 /* CitySelectionDataSource.swift */ = {isa = PBXFileReference; fileEncoding = 4; lastKnownFileType = sourcecode.swift; path = CitySelectionDataSource.swift; sourceTree = "<group>"; };
		497F83D9295F4D0100F57A91 /* CitySelectionDataDelegate.swift */ = {isa = PBXFileReference; fileEncoding = 4; lastKnownFileType = sourcecode.swift; path = CitySelectionDataDelegate.swift; sourceTree = "<group>"; };
		497F83DA295F4D0100F57A91 /* AuthenticationDataSource.swift */ = {isa = PBXFileReference; fileEncoding = 4; lastKnownFileType = sourcecode.swift; path = AuthenticationDataSource.swift; sourceTree = "<group>"; };
		497F83DB295F4D0100F57A91 /* AuthenticationDataDelegate.swift */ = {isa = PBXFileReference; fileEncoding = 4; lastKnownFileType = sourcecode.swift; path = AuthenticationDataDelegate.swift; sourceTree = "<group>"; };
		497F83DC295F4D0100F57A91 /* User.swift */ = {isa = PBXFileReference; fileEncoding = 4; lastKnownFileType = sourcecode.swift; path = User.swift; sourceTree = "<group>"; };
		497F83DD295F4D0100F57A91 /* City.swift */ = {isa = PBXFileReference; fileEncoding = 4; lastKnownFileType = sourcecode.swift; path = City.swift; sourceTree = "<group>"; };
		497F83E5295F4D6700F57A91 /* CitySelectionTableViewCell.swift */ = {isa = PBXFileReference; fileEncoding = 4; lastKnownFileType = sourcecode.swift; path = CitySelectionTableViewCell.swift; sourceTree = "<group>"; };
		497F83E8295F515600F57A91 /* LocationHelper.swift */ = {isa = PBXFileReference; fileEncoding = 4; lastKnownFileType = sourcecode.swift; path = LocationHelper.swift; sourceTree = "<group>"; };
		497F83EA295F63DF00F57A91 /* LocationDelegate.swift */ = {isa = PBXFileReference; lastKnownFileType = sourcecode.swift; path = LocationDelegate.swift; sourceTree = "<group>"; };
		497F83EC295F65B500F57A91 /* LocationViewController.swift */ = {isa = PBXFileReference; lastKnownFileType = sourcecode.swift; path = LocationViewController.swift; sourceTree = "<group>"; };
		497F83F2295F708800F57A91 /* CategorySelectionViewController.swift */ = {isa = PBXFileReference; lastKnownFileType = sourcecode.swift; path = CategorySelectionViewController.swift; sourceTree = "<group>"; };
		497F83F4295F9B8900F57A91 /* CategorySelection.storyboard */ = {isa = PBXFileReference; lastKnownFileType = file.storyboard; path = CategorySelection.storyboard; sourceTree = "<group>"; };
		497F841629604EC100F57A91 /* CategorySelectionDataDelegate.swift */ = {isa = PBXFileReference; lastKnownFileType = sourcecode.swift; path = CategorySelectionDataDelegate.swift; sourceTree = "<group>"; };
		497F841829604ECB00F57A91 /* CategorySelectionDataSource.swift */ = {isa = PBXFileReference; lastKnownFileType = sourcecode.swift; path = CategorySelectionDataSource.swift; sourceTree = "<group>"; };
		497F841A29604F5100F57A91 /* Category.swift */ = {isa = PBXFileReference; lastKnownFileType = sourcecode.swift; path = Category.swift; sourceTree = "<group>"; };
		497F841C2960548D00F57A91 /* CategorySelectionCollectionViewCell.swift */ = {isa = PBXFileReference; lastKnownFileType = sourcecode.swift; path = CategorySelectionCollectionViewCell.swift; sourceTree = "<group>"; };
		497F841E2963162A00F57A91 /* UserInfoViewController.swift */ = {isa = PBXFileReference; lastKnownFileType = sourcecode.swift; path = UserInfoViewController.swift; sourceTree = "<group>"; };
		497F84202963164800F57A91 /* UserInfo.storyboard */ = {isa = PBXFileReference; lastKnownFileType = file.storyboard; path = UserInfo.storyboard; sourceTree = "<group>"; };
		497F84222963280F00F57A91 /* UserInfoDataDelegate.swift */ = {isa = PBXFileReference; lastKnownFileType = sourcecode.swift; path = UserInfoDataDelegate.swift; sourceTree = "<group>"; };
		497F84242963281700F57A91 /* UserInfoDataSource.swift */ = {isa = PBXFileReference; lastKnownFileType = sourcecode.swift; path = UserInfoDataSource.swift; sourceTree = "<group>"; };
		49A9C0462973009400F73EEE /* PresenterManager.swift */ = {isa = PBXFileReference; lastKnownFileType = sourcecode.swift; path = PresenterManager.swift; sourceTree = "<group>"; };
		49A9C048297304FC00F73EEE /* LoadingViewController.swift */ = {isa = PBXFileReference; lastKnownFileType = sourcecode.swift; path = LoadingViewController.swift; sourceTree = "<group>"; };
		49A9C04A29730C9D00F73EEE /* LocationAuthorizationViewController.swift */ = {isa = PBXFileReference; lastKnownFileType = sourcecode.swift; path = LocationAuthorizationViewController.swift; sourceTree = "<group>"; };
		672A4B832969E367009E9B18 /* ReservationViewController.swift */ = {isa = PBXFileReference; lastKnownFileType = sourcecode.swift; path = ReservationViewController.swift; sourceTree = "<group>"; };
		672A4B852969E39B009E9B18 /* DateTimePicker.swift */ = {isa = PBXFileReference; lastKnownFileType = sourcecode.swift; path = DateTimePicker.swift; sourceTree = "<group>"; };
		77C8509361F753286D807DEF /* Pods-Quick-Bites.debug.xcconfig */ = {isa = PBXFileReference; includeInIndex = 1; lastKnownFileType = text.xcconfig; name = "Pods-Quick-Bites.debug.xcconfig"; path = "Target Support Files/Pods-Quick-Bites/Pods-Quick-Bites.debug.xcconfig"; sourceTree = "<group>"; };
		78D146D0840764AC83A87B70 /* Pods_Quick_Bites.framework */ = {isa = PBXFileReference; explicitFileType = wrapper.framework; includeInIndex = 0; path = Pods_Quick_Bites.framework; sourceTree = BUILT_PRODUCTS_DIR; };
		ACED99824562BDF0B4192E10 /* Pods-Quick-Bites.release.xcconfig */ = {isa = PBXFileReference; includeInIndex = 1; lastKnownFileType = text.xcconfig; name = "Pods-Quick-Bites.release.xcconfig"; path = "Target Support Files/Pods-Quick-Bites/Pods-Quick-Bites.release.xcconfig"; sourceTree = "<group>"; };
/* End PBXFileReference section */

/* Begin PBXFrameworksBuildPhase section */
		254A5F7529571CD800B0D089 /* Frameworks */ = {
			isa = PBXFrameworksBuildPhase;
			buildActionMask = 2147483647;
			files = (
				952BB13E58E0EEFEE7ADFD80 /* Pods_Quick_Bites.framework in Frameworks */,
			);
			runOnlyForDeploymentPostprocessing = 0;
		};
/* End PBXFrameworksBuildPhase section */

/* Begin PBXGroup section */
		254A5F6F29571CD800B0D089 = {
			isa = PBXGroup;
			children = (
				254A5F7A29571CD800B0D089 /* Quick-Bites */,
				254A5F7929571CD800B0D089 /* Products */,
				4A87E6588AA200A90635C5FC /* Pods */,
				F53AE0AFDA64CBE872AE69B7 /* Frameworks */,
			);
			sourceTree = "<group>";
		};
		254A5F7929571CD800B0D089 /* Products */ = {
			isa = PBXGroup;
			children = (
				254A5F7829571CD800B0D089 /* Quick-Bites.app */,
			);
			name = Products;
			sourceTree = "<group>";
		};
		254A5F7A29571CD800B0D089 /* Quick-Bites */ = {
			isa = PBXGroup;
			children = (
				497F83E6295F4D6700F57A91 /* CollectionCells */,
				497F83E4295F4D6700F57A91 /* TableCells */,
				254A5FA62958578900B0D089 /* Utility */,
				254A5F952957297500B0D089 /* Storyboard */,
				254A5F942957293900B0D089 /* Controller */,
				254A5F912957277100B0D089 /* Model */,
				254A5F7B29571CD800B0D089 /* AppDelegate.swift */,
				254A5F7D29571CD800B0D089 /* SceneDelegate.swift */,
				254A5F8429571CD900B0D089 /* Assets.xcassets */,
				254A5F8629571CD900B0D089 /* LaunchScreen.storyboard */,
				254A5F8929571CD900B0D089 /* Info.plist */,
			);
			path = "Quick-Bites";
			sourceTree = "<group>";
		};
		254A5F912957277100B0D089 /* Model */ = {
			isa = PBXGroup;
			children = (
				4973449E296B728E00D77C55 /* User */,
				4973449D296B728300D77C55 /* Restaurant */,
				4973449C296B727700D77C55 /* Reservation */,
				4973449B296B726C00D77C55 /* City */,
				4973449A296B726000D77C55 /* Category */,
				49734499296B725400D77C55 /* Authentication */,
			);
			path = Model;
			sourceTree = "<group>";
		};
		254A5F942957293900B0D089 /* Controller */ = {
			isa = PBXGroup;
			children = (
				4975393D2973779B00C3B99E /* Onboarding */,
				4975393C2973776200C3B99E /* Location */,
				497344A0296B72D400D77C55 /* Reservation */,
				4973449F296B72C900D77C55 /* Restaurant */,
				497F83F2295F708800F57A91 /* CategorySelectionViewController.swift */,
				497F841E2963162A00F57A91 /* UserInfoViewController.swift */,
			);
			path = Controller;
			sourceTree = "<group>";
		};
		254A5F952957297500B0D089 /* Storyboard */ = {
			isa = PBXGroup;
			children = (
				254A5F8129571CD800B0D089 /* Main.storyboard */,
				254A5F9C295738EE00B0D089 /* Location.storyboard */,
				497F83F4295F9B8900F57A91 /* CategorySelection.storyboard */,
				257BE4B02963130300F4F006 /* RestaurantSelection.storyboard */,
				497F84202963164800F57A91 /* UserInfo.storyboard */,
				2527860529637B70008CB9FC /* Reservation.storyboard */,
			);
			path = Storyboard;
			sourceTree = "<group>";
		};
		254A5FA62958578900B0D089 /* Utility */ = {
			isa = PBXGroup;
			children = (
				254A5FA0295746AA00B0D089 /* Constants.swift */,
				254A5F922957279400B0D089 /* KeychainService.swift */,
				497F83EA295F63DF00F57A91 /* LocationDelegate.swift */,
				497F83E8295F515600F57A91 /* LocationHelper.swift */,
				672A4B852969E39B009E9B18 /* DateTimePicker.swift */,
				49A9C0462973009400F73EEE /* PresenterManager.swift */,
			);
			path = Utility;
			sourceTree = "<group>";
		};
		49734499296B725400D77C55 /* Authentication */ = {
			isa = PBXGroup;
			children = (
				497344952966E52900D77C55 /* TokenDataSource.swift */,
				497F83DB295F4D0100F57A91 /* AuthenticationDataDelegate.swift */,
				497F83DA295F4D0100F57A91 /* AuthenticationDataSource.swift */,
			);
			path = Authentication;
			sourceTree = "<group>";
		};
		4973449A296B726000D77C55 /* Category */ = {
			isa = PBXGroup;
			children = (
				497F841A29604F5100F57A91 /* Category.swift */,
				497F841629604EC100F57A91 /* CategorySelectionDataDelegate.swift */,
				497F841829604ECB00F57A91 /* CategorySelectionDataSource.swift */,
			);
			path = Category;
			sourceTree = "<group>";
		};
		4973449B296B726C00D77C55 /* City */ = {
			isa = PBXGroup;
			children = (
				497F83DD295F4D0100F57A91 /* City.swift */,
				497F83D9295F4D0100F57A91 /* CitySelectionDataDelegate.swift */,
				497F83D8295F4D0100F57A91 /* CitySelectionDataSource.swift */,
			);
			path = City;
			sourceTree = "<group>";
		};
		4973449C296B727700D77C55 /* Reservation */ = {
			isa = PBXGroup;
			children = (
				2527860729644356008CB9FC /* Reservation.swift */,
				2527860B2969EB4E008CB9FC /* ReservationDataSource.swift */,
				2527860D2969EF4E008CB9FC /* ReservationResponse.swift */,
				25278613296AC26B008CB9FC /* ReservationDataDelegate.swift */,
			);
			path = Reservation;
			sourceTree = "<group>";
		};
		4973449D296B728300D77C55 /* Restaurant */ = {
			isa = PBXGroup;
			children = (
				257BE4B42963163C00F4F006 /* Restaurant.swift */,
				257BE4B82963170F00F4F006 /* RestaurantSelectionDataDelegate.swift */,
				257BE4B6296316FB00F4F006 /* RestaurantSelectionDataSource.swift */,
			);
			path = Restaurant;
			sourceTree = "<group>";
		};
		4973449E296B728E00D77C55 /* User */ = {
			isa = PBXGroup;
			children = (
				497F83DC295F4D0100F57A91 /* User.swift */,
				497F84222963280F00F57A91 /* UserInfoDataDelegate.swift */,
				497F84242963281700F57A91 /* UserInfoDataSource.swift */,
			);
			path = User;
			sourceTree = "<group>";
		};
		4973449F296B72C900D77C55 /* Restaurant */ = {
			isa = PBXGroup;
			children = (
				257BE4BA296367CD00F4F006 /* RestaurantDetailViewController.swift */,
				257BE4AE296312BE00F4F006 /* RestaurantSelectionViewController.swift */,
			);
			path = Restaurant;
			sourceTree = "<group>";
		};
		497344A0296B72D400D77C55 /* Reservation */ = {
			isa = PBXGroup;
			children = (
				490CDF46296347B500E082CC /* ReservationListViewController.swift */,
				672A4B832969E367009E9B18 /* ReservationViewController.swift */,
				25278611296A300B008CB9FC /* ReservationDetailViewController.swift */,
			);
			path = Reservation;
			sourceTree = "<group>";
		};
		4975393C2973776200C3B99E /* Location */ = {
			isa = PBXGroup;
			children = (
				497F83EC295F65B500F57A91 /* LocationViewController.swift */,
				49A9C04A29730C9D00F73EEE /* LocationAuthorizationViewController.swift */,
			);
			path = Location;
			sourceTree = "<group>";
		};
		4975393D2973779B00C3B99E /* Onboarding */ = {
			isa = PBXGroup;
			children = (
				254A5F7F29571CD800B0D089 /* LoginViewController.swift */,
				254A5F9829572AC000B0D089 /* SignUpViewController.swift */,
				49A9C048297304FC00F73EEE /* LoadingViewController.swift */,
			);
			path = Onboarding;
			sourceTree = "<group>";
		};
		497F83E4295F4D6700F57A91 /* TableCells */ = {
			isa = PBXGroup;
			children = (
				497F83E5295F4D6700F57A91 /* CitySelectionTableViewCell.swift */,
				257BE4B2296314BB00F4F006 /* RestaurantSelectionTableViewCell.swift */,
				2527860F296A0EC2008CB9FC /* UserReservationTableViewCell.swift */,
			);
			path = TableCells;
			sourceTree = "<group>";
		};
		497F83E6295F4D6700F57A91 /* CollectionCells */ = {
			isa = PBXGroup;
			children = (
				497F841C2960548D00F57A91 /* CategorySelectionCollectionViewCell.swift */,
			);
			path = CollectionCells;
			sourceTree = "<group>";
		};
		4A87E6588AA200A90635C5FC /* Pods */ = {
			isa = PBXGroup;
			children = (
				77C8509361F753286D807DEF /* Pods-Quick-Bites.debug.xcconfig */,
				ACED99824562BDF0B4192E10 /* Pods-Quick-Bites.release.xcconfig */,
			);
			path = Pods;
			sourceTree = "<group>";
		};
		F53AE0AFDA64CBE872AE69B7 /* Frameworks */ = {
			isa = PBXGroup;
			children = (
				78D146D0840764AC83A87B70 /* Pods_Quick_Bites.framework */,
			);
			name = Frameworks;
			sourceTree = "<group>";
		};
/* End PBXGroup section */

/* Begin PBXNativeTarget section */
		254A5F7729571CD800B0D089 /* Quick-Bites */ = {
			isa = PBXNativeTarget;
			buildConfigurationList = 254A5F8C29571CD900B0D089 /* Build configuration list for PBXNativeTarget "Quick-Bites" */;
			buildPhases = (
				0B0DE75C6D5A5FF706E5B487 /* [CP] Check Pods Manifest.lock */,
				254A5F7429571CD800B0D089 /* Sources */,
				254A5F7529571CD800B0D089 /* Frameworks */,
				254A5F7629571CD800B0D089 /* Resources */,
				A08CA02D71E2B336B8AEE1B7 /* [CP] Embed Pods Frameworks */,
				491782DB2974208D00532638 /* ShellScript */,
			);
			buildRules = (
			);
			dependencies = (
			);
			name = "Quick-Bites";
			productName = "Quick-Bites";
			productReference = 254A5F7829571CD800B0D089 /* Quick-Bites.app */;
			productType = "com.apple.product-type.application";
		};
/* End PBXNativeTarget section */

/* Begin PBXProject section */
		254A5F7029571CD800B0D089 /* Project object */ = {
			isa = PBXProject;
			attributes = {
				BuildIndependentTargetsInParallel = 1;
				LastSwiftUpdateCheck = 1420;
				LastUpgradeCheck = 1420;
				TargetAttributes = {
					254A5F7729571CD800B0D089 = {
						CreatedOnToolsVersion = 14.2;
					};
				};
			};
			buildConfigurationList = 254A5F7329571CD800B0D089 /* Build configuration list for PBXProject "Quick-Bites" */;
			compatibilityVersion = "Xcode 13.0";
			developmentRegion = en;
			hasScannedForEncodings = 0;
			knownRegions = (
				en,
				Base,
			);
			mainGroup = 254A5F6F29571CD800B0D089;
			productRefGroup = 254A5F7929571CD800B0D089 /* Products */;
			projectDirPath = "";
			projectRoot = "";
			targets = (
				254A5F7729571CD800B0D089 /* Quick-Bites */,
			);
		};
/* End PBXProject section */

/* Begin PBXResourcesBuildPhase section */
		254A5F7629571CD800B0D089 /* Resources */ = {
			isa = PBXResourcesBuildPhase;
			buildActionMask = 2147483647;
			files = (
				254A5F8829571CD900B0D089 /* LaunchScreen.storyboard in Resources */,
				254A5F8529571CD900B0D089 /* Assets.xcassets in Resources */,
				497F83F5295F9B8900F57A91 /* CategorySelection.storyboard in Resources */,
				254A5F8329571CD800B0D089 /* Main.storyboard in Resources */,
				257BE4B12963130300F4F006 /* RestaurantSelection.storyboard in Resources */,
				254A5F9D295738EE00B0D089 /* Location.storyboard in Resources */,
				497F84212963164800F57A91 /* UserInfo.storyboard in Resources */,
				2527860629637B70008CB9FC /* Reservation.storyboard in Resources */,
			);
			runOnlyForDeploymentPostprocessing = 0;
		};
/* End PBXResourcesBuildPhase section */

/* Begin PBXShellScriptBuildPhase section */
		0B0DE75C6D5A5FF706E5B487 /* [CP] Check Pods Manifest.lock */ = {
			isa = PBXShellScriptBuildPhase;
			buildActionMask = 2147483647;
			files = (
			);
			inputFileListPaths = (
			);
			inputPaths = (
				"${PODS_PODFILE_DIR_PATH}/Podfile.lock",
				"${PODS_ROOT}/Manifest.lock",
			);
			name = "[CP] Check Pods Manifest.lock";
			outputFileListPaths = (
			);
			outputPaths = (
				"$(DERIVED_FILE_DIR)/Pods-Quick-Bites-checkManifestLockResult.txt",
			);
			runOnlyForDeploymentPostprocessing = 0;
			shellPath = /bin/sh;
			shellScript = "diff \"${PODS_PODFILE_DIR_PATH}/Podfile.lock\" \"${PODS_ROOT}/Manifest.lock\" > /dev/null\nif [ $? != 0 ] ; then\n    # print error to STDERR\n    echo \"error: The sandbox is not in sync with the Podfile.lock. Run 'pod install' or update your CocoaPods installation.\" >&2\n    exit 1\nfi\n# This output is used by Xcode 'outputs' to avoid re-running this script phase.\necho \"SUCCESS\" > \"${SCRIPT_OUTPUT_FILE_0}\"\n";
			showEnvVarsInLog = 0;
		};
		491782DB2974208D00532638 /* ShellScript */ = {
			isa = PBXShellScriptBuildPhase;
			buildActionMask = 2147483647;
			files = (
			);
			inputFileListPaths = (
			);
			inputPaths = (
			);
			outputFileListPaths = (
			);
			outputPaths = (
			);
			runOnlyForDeploymentPostprocessing = 0;
			shellPath = /bin/sh;
			shellScript = "# Type a script or drag a script file from your workspace to insert its path.\n\"${PODS_ROOT}/SwiftLint/swiftlint\" lint --config .swiftlint.yml\n";
		};
		A08CA02D71E2B336B8AEE1B7 /* [CP] Embed Pods Frameworks */ = {
			isa = PBXShellScriptBuildPhase;
			buildActionMask = 2147483647;
			files = (
			);
			inputFileListPaths = (
				"${PODS_ROOT}/Target Support Files/Pods-Quick-Bites/Pods-Quick-Bites-frameworks-${CONFIGURATION}-input-files.xcfilelist",
			);
			name = "[CP] Embed Pods Frameworks";
			outputFileListPaths = (
				"${PODS_ROOT}/Target Support Files/Pods-Quick-Bites/Pods-Quick-Bites-frameworks-${CONFIGURATION}-output-files.xcfilelist",
			);
			runOnlyForDeploymentPostprocessing = 0;
			shellPath = /bin/sh;
			shellScript = "\"${PODS_ROOT}/Target Support Files/Pods-Quick-Bites/Pods-Quick-Bites-frameworks.sh\"\n";
			showEnvVarsInLog = 0;
		};
/* End PBXShellScriptBuildPhase section */

/* Begin PBXSourcesBuildPhase section */
		254A5F7429571CD800B0D089 /* Sources */ = {
			isa = PBXSourcesBuildPhase;
			buildActionMask = 2147483647;
			files = (
				25278614296AC26B008CB9FC /* ReservationDataDelegate.swift in Sources */,
				25278612296A300B008CB9FC /* ReservationDetailViewController.swift in Sources */,
				254A5F8029571CD800B0D089 /* LoginViewController.swift in Sources */,
				497F83E0295F4D0100F57A91 /* AuthenticationDataSource.swift in Sources */,
				254A5F932957279400B0D089 /* KeychainService.swift in Sources */,
				490CDF47296347B500E082CC /* ReservationListViewController.swift in Sources */,
				497F83DE295F4D0100F57A91 /* CitySelectionDataSource.swift in Sources */,
				672A4B842969E367009E9B18 /* ReservationViewController.swift in Sources */,
				672A4B862969E39B009E9B18 /* DateTimePicker.swift in Sources */,
				497F83ED295F65B500F57A91 /* LocationViewController.swift in Sources */,
				254A5F7C29571CD800B0D089 /* AppDelegate.swift in Sources */,
				497F83EB295F63DF00F57A91 /* LocationDelegate.swift in Sources */,
				49A9C0472973009400F73EEE /* PresenterManager.swift in Sources */,
				497F83E1295F4D0100F57A91 /* AuthenticationDataDelegate.swift in Sources */,
				257BE4AF296312BE00F4F006 /* RestaurantSelectionViewController.swift in Sources */,
				497F841929604ECB00F57A91 /* CategorySelectionDataSource.swift in Sources */,
				257BE4B52963163C00F4F006 /* Restaurant.swift in Sources */,
				497F83E7295F4D6700F57A91 /* CitySelectionTableViewCell.swift in Sources */,
				257BE4B3296314BB00F4F006 /* RestaurantSelectionTableViewCell.swift in Sources */,
				2527860829644356008CB9FC /* Reservation.swift in Sources */,
				497F841F2963162A00F57A91 /* UserInfoViewController.swift in Sources */,
				2527860C2969EB4E008CB9FC /* ReservationDataSource.swift in Sources */,
				497F83E2295F4D0100F57A91 /* User.swift in Sources */,
				25278610296A0EC2008CB9FC /* UserReservationTableViewCell.swift in Sources */,
				257BE4B7296316FB00F4F006 /* RestaurantSelectionDataSource.swift in Sources */,
				497F841D2960548D00F57A91 /* CategorySelectionCollectionViewCell.swift in Sources */,
				497F84232963280F00F57A91 /* UserInfoDataDelegate.swift in Sources */,
				497F841729604EC100F57A91 /* CategorySelectionDataDelegate.swift in Sources */,
				254A5F7E29571CD800B0D089 /* SceneDelegate.swift in Sources */,
				497F83E9295F515600F57A91 /* LocationHelper.swift in Sources */,
				257BE4B92963170F00F4F006 /* RestaurantSelectionDataDelegate.swift in Sources */,
				49A9C049297304FC00F73EEE /* LoadingViewController.swift in Sources */,
				254A5F9929572AC000B0D089 /* SignUpViewController.swift in Sources */,
				497F83DF295F4D0100F57A91 /* CitySelectionDataDelegate.swift in Sources */,
				257BE4BB296367CD00F4F006 /* RestaurantDetailViewController.swift in Sources */,
				497F83E3295F4D0100F57A91 /* City.swift in Sources */,
				49A9C04B29730C9D00F73EEE /* LocationAuthorizationViewController.swift in Sources */,
				2527860E2969EF4E008CB9FC /* ReservationResponse.swift in Sources */,
				497F83F3295F708800F57A91 /* CategorySelectionViewController.swift in Sources */,
				497344962966E52900D77C55 /* TokenDataSource.swift in Sources */,
				497F84252963281700F57A91 /* UserInfoDataSource.swift in Sources */,
				254A5FA1295746AA00B0D089 /* Constants.swift in Sources */,
				497F841B29604F5100F57A91 /* Category.swift in Sources */,
			);
			runOnlyForDeploymentPostprocessing = 0;
		};
/* End PBXSourcesBuildPhase section */

/* Begin PBXVariantGroup section */
		254A5F8129571CD800B0D089 /* Main.storyboard */ = {
			isa = PBXVariantGroup;
			children = (
				254A5F8229571CD800B0D089 /* Base */,
			);
			name = Main.storyboard;
			sourceTree = "<group>";
		};
		254A5F8629571CD900B0D089 /* LaunchScreen.storyboard */ = {
			isa = PBXVariantGroup;
			children = (
				254A5F8729571CD900B0D089 /* Base */,
			);
			name = LaunchScreen.storyboard;
			sourceTree = "<group>";
		};
/* End PBXVariantGroup section */

/* Begin XCBuildConfiguration section */
		254A5F8A29571CD900B0D089 /* Debug */ = {
			isa = XCBuildConfiguration;
			buildSettings = {
				ALWAYS_SEARCH_USER_PATHS = NO;
				CLANG_ANALYZER_NONNULL = YES;
				CLANG_ANALYZER_NUMBER_OBJECT_CONVERSION = YES_AGGRESSIVE;
				CLANG_CXX_LANGUAGE_STANDARD = "gnu++20";
				CLANG_ENABLE_MODULES = YES;
				CLANG_ENABLE_OBJC_ARC = YES;
				CLANG_ENABLE_OBJC_WEAK = YES;
				CLANG_WARN_BLOCK_CAPTURE_AUTORELEASING = YES;
				CLANG_WARN_BOOL_CONVERSION = YES;
				CLANG_WARN_COMMA = YES;
				CLANG_WARN_CONSTANT_CONVERSION = YES;
				CLANG_WARN_DEPRECATED_OBJC_IMPLEMENTATIONS = YES;
				CLANG_WARN_DIRECT_OBJC_ISA_USAGE = YES_ERROR;
				CLANG_WARN_DOCUMENTATION_COMMENTS = YES;
				CLANG_WARN_EMPTY_BODY = YES;
				CLANG_WARN_ENUM_CONVERSION = YES;
				CLANG_WARN_INFINITE_RECURSION = YES;
				CLANG_WARN_INT_CONVERSION = YES;
				CLANG_WARN_NON_LITERAL_NULL_CONVERSION = YES;
				CLANG_WARN_OBJC_IMPLICIT_RETAIN_SELF = YES;
				CLANG_WARN_OBJC_LITERAL_CONVERSION = YES;
				CLANG_WARN_OBJC_ROOT_CLASS = YES_ERROR;
				CLANG_WARN_QUOTED_INCLUDE_IN_FRAMEWORK_HEADER = YES;
				CLANG_WARN_RANGE_LOOP_ANALYSIS = YES;
				CLANG_WARN_STRICT_PROTOTYPES = YES;
				CLANG_WARN_SUSPICIOUS_MOVE = YES;
				CLANG_WARN_UNGUARDED_AVAILABILITY = YES_AGGRESSIVE;
				CLANG_WARN_UNREACHABLE_CODE = YES;
				CLANG_WARN__DUPLICATE_METHOD_MATCH = YES;
				COPY_PHASE_STRIP = NO;
				DEBUG_INFORMATION_FORMAT = dwarf;
				ENABLE_STRICT_OBJC_MSGSEND = YES;
				ENABLE_TESTABILITY = YES;
				GCC_C_LANGUAGE_STANDARD = gnu11;
				GCC_DYNAMIC_NO_PIC = NO;
				GCC_NO_COMMON_BLOCKS = YES;
				GCC_OPTIMIZATION_LEVEL = 0;
				GCC_PREPROCESSOR_DEFINITIONS = (
					"DEBUG=1",
					"$(inherited)",
				);
				GCC_WARN_64_TO_32_BIT_CONVERSION = YES;
				GCC_WARN_ABOUT_RETURN_TYPE = YES_ERROR;
				GCC_WARN_UNDECLARED_SELECTOR = YES;
				GCC_WARN_UNINITIALIZED_AUTOS = YES_AGGRESSIVE;
				GCC_WARN_UNUSED_FUNCTION = YES;
				GCC_WARN_UNUSED_VARIABLE = YES;
				IPHONEOS_DEPLOYMENT_TARGET = 16.2;
				MTL_ENABLE_DEBUG_INFO = INCLUDE_SOURCE;
				MTL_FAST_MATH = YES;
				ONLY_ACTIVE_ARCH = YES;
				SDKROOT = iphoneos;
				SWIFT_ACTIVE_COMPILATION_CONDITIONS = DEBUG;
				SWIFT_OPTIMIZATION_LEVEL = "-Onone";
			};
			name = Debug;
		};
		254A5F8B29571CD900B0D089 /* Release */ = {
			isa = XCBuildConfiguration;
			buildSettings = {
				ALWAYS_SEARCH_USER_PATHS = NO;
				CLANG_ANALYZER_NONNULL = YES;
				CLANG_ANALYZER_NUMBER_OBJECT_CONVERSION = YES_AGGRESSIVE;
				CLANG_CXX_LANGUAGE_STANDARD = "gnu++20";
				CLANG_ENABLE_MODULES = YES;
				CLANG_ENABLE_OBJC_ARC = YES;
				CLANG_ENABLE_OBJC_WEAK = YES;
				CLANG_WARN_BLOCK_CAPTURE_AUTORELEASING = YES;
				CLANG_WARN_BOOL_CONVERSION = YES;
				CLANG_WARN_COMMA = YES;
				CLANG_WARN_CONSTANT_CONVERSION = YES;
				CLANG_WARN_DEPRECATED_OBJC_IMPLEMENTATIONS = YES;
				CLANG_WARN_DIRECT_OBJC_ISA_USAGE = YES_ERROR;
				CLANG_WARN_DOCUMENTATION_COMMENTS = YES;
				CLANG_WARN_EMPTY_BODY = YES;
				CLANG_WARN_ENUM_CONVERSION = YES;
				CLANG_WARN_INFINITE_RECURSION = YES;
				CLANG_WARN_INT_CONVERSION = YES;
				CLANG_WARN_NON_LITERAL_NULL_CONVERSION = YES;
				CLANG_WARN_OBJC_IMPLICIT_RETAIN_SELF = YES;
				CLANG_WARN_OBJC_LITERAL_CONVERSION = YES;
				CLANG_WARN_OBJC_ROOT_CLASS = YES_ERROR;
				CLANG_WARN_QUOTED_INCLUDE_IN_FRAMEWORK_HEADER = YES;
				CLANG_WARN_RANGE_LOOP_ANALYSIS = YES;
				CLANG_WARN_STRICT_PROTOTYPES = YES;
				CLANG_WARN_SUSPICIOUS_MOVE = YES;
				CLANG_WARN_UNGUARDED_AVAILABILITY = YES_AGGRESSIVE;
				CLANG_WARN_UNREACHABLE_CODE = YES;
				CLANG_WARN__DUPLICATE_METHOD_MATCH = YES;
				COPY_PHASE_STRIP = NO;
				DEBUG_INFORMATION_FORMAT = "dwarf-with-dsym";
				ENABLE_NS_ASSERTIONS = NO;
				ENABLE_STRICT_OBJC_MSGSEND = YES;
				GCC_C_LANGUAGE_STANDARD = gnu11;
				GCC_NO_COMMON_BLOCKS = YES;
				GCC_WARN_64_TO_32_BIT_CONVERSION = YES;
				GCC_WARN_ABOUT_RETURN_TYPE = YES_ERROR;
				GCC_WARN_UNDECLARED_SELECTOR = YES;
				GCC_WARN_UNINITIALIZED_AUTOS = YES_AGGRESSIVE;
				GCC_WARN_UNUSED_FUNCTION = YES;
				GCC_WARN_UNUSED_VARIABLE = YES;
				IPHONEOS_DEPLOYMENT_TARGET = 16.2;
				MTL_ENABLE_DEBUG_INFO = NO;
				MTL_FAST_MATH = YES;
				SDKROOT = iphoneos;
				SWIFT_COMPILATION_MODE = wholemodule;
				SWIFT_OPTIMIZATION_LEVEL = "-O";
				VALIDATE_PRODUCT = YES;
			};
			name = Release;
		};
		254A5F8D29571CD900B0D089 /* Debug */ = {
			isa = XCBuildConfiguration;
			baseConfigurationReference = 77C8509361F753286D807DEF /* Pods-Quick-Bites.debug.xcconfig */;
			buildSettings = {
				ASSETCATALOG_COMPILER_APPICON_NAME = AppIcon;
				ASSETCATALOG_COMPILER_GLOBAL_ACCENT_COLOR_NAME = AccentColor;
				CODE_SIGN_STYLE = Automatic;
				CURRENT_PROJECT_VERSION = 1;
				GENERATE_INFOPLIST_FILE = YES;
				INFOPLIST_FILE = "Quick-Bites/Info.plist";
				INFOPLIST_KEY_UIApplicationSupportsIndirectInputEvents = YES;
				INFOPLIST_KEY_UILaunchStoryboardName = LaunchScreen;
				INFOPLIST_KEY_UIMainStoryboardFile = Main;
				INFOPLIST_KEY_UISupportedInterfaceOrientations_iPad = "UIInterfaceOrientationPortrait UIInterfaceOrientationPortraitUpsideDown UIInterfaceOrientationLandscapeLeft UIInterfaceOrientationLandscapeRight";
				INFOPLIST_KEY_UISupportedInterfaceOrientations_iPhone = "UIInterfaceOrientationPortrait UIInterfaceOrientationLandscapeLeft UIInterfaceOrientationLandscapeRight";
				LD_RUNPATH_SEARCH_PATHS = (
					"$(inherited)",
					"@executable_path/Frameworks",
				);
				MARKETING_VERSION = 1.0;
				PRODUCT_BUNDLE_IDENTIFIER = "bites.quick.Quick-Bites";
				PRODUCT_NAME = "$(TARGET_NAME)";
				SWIFT_EMIT_LOC_STRINGS = YES;
				SWIFT_VERSION = 5.0;
				TARGETED_DEVICE_FAMILY = "1,2";
			};
			name = Debug;
		};
		254A5F8E29571CD900B0D089 /* Release */ = {
			isa = XCBuildConfiguration;
			baseConfigurationReference = ACED99824562BDF0B4192E10 /* Pods-Quick-Bites.release.xcconfig */;
			buildSettings = {
				ASSETCATALOG_COMPILER_APPICON_NAME = AppIcon;
				ASSETCATALOG_COMPILER_GLOBAL_ACCENT_COLOR_NAME = AccentColor;
				CODE_SIGN_STYLE = Automatic;
				CURRENT_PROJECT_VERSION = 1;
				GENERATE_INFOPLIST_FILE = YES;
				INFOPLIST_FILE = "Quick-Bites/Info.plist";
				INFOPLIST_KEY_UIApplicationSupportsIndirectInputEvents = YES;
				INFOPLIST_KEY_UILaunchStoryboardName = LaunchScreen;
				INFOPLIST_KEY_UIMainStoryboardFile = Main;
				INFOPLIST_KEY_UISupportedInterfaceOrientations_iPad = "UIInterfaceOrientationPortrait UIInterfaceOrientationPortraitUpsideDown UIInterfaceOrientationLandscapeLeft UIInterfaceOrientationLandscapeRight";
				INFOPLIST_KEY_UISupportedInterfaceOrientations_iPhone = "UIInterfaceOrientationPortrait UIInterfaceOrientationLandscapeLeft UIInterfaceOrientationLandscapeRight";
				LD_RUNPATH_SEARCH_PATHS = (
					"$(inherited)",
					"@executable_path/Frameworks",
				);
				MARKETING_VERSION = 1.0;
				PRODUCT_BUNDLE_IDENTIFIER = "bites.quick.Quick-Bites";
				PRODUCT_NAME = "$(TARGET_NAME)";
				SWIFT_EMIT_LOC_STRINGS = YES;
				SWIFT_VERSION = 5.0;
				TARGETED_DEVICE_FAMILY = "1,2";
			};
			name = Release;
		};
/* End XCBuildConfiguration section */

/* Begin XCConfigurationList section */
		254A5F7329571CD800B0D089 /* Build configuration list for PBXProject "Quick-Bites" */ = {
			isa = XCConfigurationList;
			buildConfigurations = (
				254A5F8A29571CD900B0D089 /* Debug */,
				254A5F8B29571CD900B0D089 /* Release */,
			);
			defaultConfigurationIsVisible = 0;
			defaultConfigurationName = Release;
		};
		254A5F8C29571CD900B0D089 /* Build configuration list for PBXNativeTarget "Quick-Bites" */ = {
			isa = XCConfigurationList;
			buildConfigurations = (
				254A5F8D29571CD900B0D089 /* Debug */,
				254A5F8E29571CD900B0D089 /* Release */,
			);
			defaultConfigurationIsVisible = 0;
			defaultConfigurationName = Release;
		};
/* End XCConfigurationList section */
	};
	rootObject = 254A5F7029571CD800B0D089 /* Project object */;
}
